
Microsoft Visual Studio Solution File, Format Version 12.00
# Visual Studio 14
VisualStudioVersion = 14.0.25420.1
MinimumVisualStudioVersion = 10.0.40219.1
Project("{8BC9CEB8-8B4A-11D0-8D11-00A0C91BC942}") = "05_03_01_arrayList", "05_03_01_arrayList\05_03_01_arrayList.vcxproj", "{8BF2F119-5027-47EA-9463-A83090E76547}"
EndProject
Project("{8BC9CEB8-8B4A-11D0-8D11-00A0C91BC942}") = "05_04_01_vectorList", "05_04_01_vectorList\05_04_01_vectorList.vcxproj", "{E98E70B2-A36A-4DDB-904C-EB62DCC3DF93}"
EndProject
Project("{8BC9CEB8-8B4A-11D0-8D11-00A0C91BC942}") = "06_01_01_chain", "06_01_chain\06_01_chain.vcxproj", "{54411CDC-B6CD-40B9-B945-448172824FA7}"
EndProject
Project("{8BC9CEB8-8B4A-11D0-8D11-00A0C91BC942}") = "06_01_02_extendedChain", "06_01_02_extendedChain\06_01_02_extendedChain.vcxproj", "{4B7B4190-1A5B-42B4-893D-74596DF9DC57}"
EndProject
Project("{8BC9CEB8-8B4A-11D0-8D11-00A0C91BC942}") = "05_03_02_arrayListWithIterator", "05_03_02_arrayListWithIterator\05_03_02_arrayListWithIterator.vcxproj", "{CE3E2C36-EF91-47E2-844E-C9F9477156BF}"
EndProject
Project("{8BC9CEB8-8B4A-11D0-8D11-00A0C91BC942}") = "06_02_01_circularListWithHeader", "06_02_01_circularListWithHeader\06_02_01_circularListWithHeader.vcxproj", "{6D0337F9-E63A-4FC8-BDBB-84DE8E1C10D0}"
EndProject
Project("{8BC9CEB8-8B4A-11D0-8D11-00A0C91BC942}") = "07_02_01_matrix", "07_02_01_matrix\07_02_01_matrix.vcxproj", "{D62F487F-8AEF-4DB0-AEAA-545AC9561DFF}"
EndProject
Project("{8BC9CEB8-8B4A-11D0-8D11-00A0C91BC942}") = "08_03_01_derivedArrayStack", "08_03_01_derivedArrayStack\08_03_01_derivedArrayStack.vcxproj", "{9287C72A-ADD3-4E8D-BDEC-0DAF2B497C15}"
EndProject
Project("{8BC9CEB8-8B4A-11D0-8D11-00A0C91BC942}") = "08_03_02_arrayStack", "08_03_02_arrayStack\08_03_02_arrayStack.vcxproj", "{344BECA7-293F-4759-BEFE-6E521400DE1D}"
EndProject
Project("{8BC9CEB8-8B4A-11D0-8D11-00A0C91BC942}") = "08_05_01_printMatchedPairs", "08_05_01_printMatchedPairs\08_05_01_printMatchedPairs.vcxproj", "{D33639AF-3453-4C12-8E9E-3FB5EC8A8E86}"
EndProject
Project("{8BC9CEB8-8B4A-11D0-8D11-00A0C91BC942}") = "08_05_02_towerOfHanoi", "08_05_02_towerOfHanoi\08_05_02_towerOfHanoi.vcxproj", "{2EC1A708-314D-4014-BC63-D5C257FDDFE8}"
EndProject
Project("{8BC9CEB8-8B4A-11D0-8D11-00A0C91BC942}") = "09_03_01_arrayQueue", "09_03_01_arrayQueue\09_03_01_arrayQueue.vcxproj", "{E7D1D922-25B3-4C5C-8BB5-99D994938A21}"
EndProject
Project("{8BC9CEB8-8B4A-11D0-8D11-00A0C91BC942}") = "08_05_03_hanoiUsingStack", "08_05_03_hanoiUsingStack\08_05_03_hanoiUsingStack.vcxproj", "{383C0AD2-2E19-40A0-8CC0-3487A385BB40}"
EndProject
Project("{8BC9CEB8-8B4A-11D0-8D11-00A0C91BC942}") = "08_05_04_railroad", "08_05_04_railroad\08_05_04_railroad.vcxproj", "{FD798BAF-35D5-4DD9-93DE-C3C9C211E25F}"
EndProject
Project("{8BC9CEB8-8B4A-11D0-8D11-00A0C91BC942}") = "08_05_05_checkBox", "08_05_05_checkBox\08_05_05_checkBox.vcxproj", "{08095F8A-2C96-4AF5-9F51-90A5EA562AE6}"
EndProject
Project("{8BC9CEB8-8B4A-11D0-8D11-00A0C91BC942}") = "10_03_01_sortedChain", "10_03_01_sortedArrayList\10_03_01_sortedArrayList.vcxproj", "{16B77F33-FB16-45FB-A11A-3938C6AB048E}"
EndProject
Project("{8BC9CEB8-8B4A-11D0-8D11-00A0C91BC942}") = "10_05_01_hashTable", "10_05_01_hashTable\10_05_01_hashTable.vcxproj", "{8A7090D6-8C22-4DE4-A30D-89A770113049}"
EndProject
Project("{8BC9CEB8-8B4A-11D0-8D11-00A0C91BC942}") = "10_05_02_hashChain", "10_05_02_hashChain\10_05_02_hashChain.vcxproj", "{E9654B22-1758-4128-AF7D-F32F919CB9EC}"
EndProject
Project("{8BC9CEB8-8B4A-11D0-8D11-00A0C91BC942}") = "11_08_01_linkedBinaryTree", "11_08_01_linkedBinaryTree\11_08_01_linkedBinaryTree.vcxproj", "{6F573DCD-4F27-4D64-8D3E-28072CE77632}"
EndProject
Project("{8BC9CEB8-8B4A-11D0-8D11-00A0C91BC942}") = "12_04_01_maxHeap", "12_04_01_maxHeap\12_04_01_maxHeap.vcxproj", "{F823EB68-B1A6-4404-B512-4394B489EE50}"
EndProject
Project("{8BC9CEB8-8B4A-11D0-8D11-00A0C91BC942}") = "14_03_01_binarySearchTree", "14_03_01_binarySearchTree\14_03_01_binarySearchTree.vcxproj", "{7D556CC5-5803-4F97-88AD-D0A844416FD9}"
EndProject
Project("{8BC9CEB8-8B4A-11D0-8D11-00A0C91BC942}") = "14_03_02_dBinarySearchTree", "14_03_01_dBinarySearchTree\14_03_01_dBinarySearchTree.vcxproj", "{772D380D-738F-44B0-B1D8-305E04786460}"
EndProject
Project("{8BC9CEB8-8B4A-11D0-8D11-00A0C91BC942}") = "14_03_03_indexedBinarySearchTree", "14_03_03_indexedBinarySearchTree\14_03_03_indexedBinarySearchTree.vcxproj", "{D18FE013-FB54-4E98-9090-454BFC517E03}"
EndProject
Project("{8BC9CEB8-8B4A-11D0-8D11-00A0C91BC942}") = "12_05_01_maxHblt", "12_05_01_maxHblt\12_05_01_maxHblt.vcxproj", "{344988ED-9FC2-49C2-A0BC-0C93FD77BCA4}"
EndProject
Project("{8BC9CEB8-8B4A-11D0-8D11-00A0C91BC942}") = "12_06_01_heapSort", "12_06_01_heapSort\12_06_01_heapSort.vcxproj", "{04A76938-9E7F-4E6F-AC04-9293A7D4544F}"
EndProject
Project("{8BC9CEB8-8B4A-11D0-8D11-00A0C91BC942}") = "16_07_01_ajacencyWDigraph", "16_07_01_ajacencyWDigraph\16_07_01_ajacencyWDigraph.vcxproj", "{B43C8574-E31E-42D5-B61A-A2CF4895809B}"
EndProject
Project("{8BC9CEB8-8B4A-11D0-8D11-00A0C91BC942}") = "16_07_02_adjacencyDigraph", "16_07_02_adjacencyDigraph\16_07_02_adjacencyDigraph.vcxproj", "{5605CA9E-9ECB-49A9-847D-0E4A6F33231C}"
EndProject
Project("{8BC9CEB8-8B4A-11D0-8D11-00A0C91BC942}") = "18_01_01_min_max", "18_01_min_max\18_01_min_max.vcxproj", "{B04D56D5-F0D9-4E36-B32D-04CEDF43EEFD}"
EndProject
Project("{8BC9CEB8-8B4A-11D0-8D11-00A0C91BC942}") = "18_02_01_tileboard", "18_02_01_tileboard\18_02_01_tileboard.vcxproj", "{BA0B4E98-110A-4770-B568-F54457E7CE43}"
EndProject
Project("{8BC9CEB8-8B4A-11D0-8D11-00A0C91BC942}") = "02_03_01_rank_sort", "02_03_01_rank_sort\02_03_01_rank_sort.vcxproj", "{F2CFC126-120B-44DE-AAAE-459150228DB2}"
EndProject
Project("{8BC9CEB8-8B4A-11D0-8D11-00A0C91BC942}") = "02_03_02_selection_sort", "02_03_02_selection_sort\02_03_02_selection_sort.vcxproj", "{C3BBEC20-340B-45BE-B5E5-EBA444D4E50B}"
EndProject
Project("{8BC9CEB8-8B4A-11D0-8D11-00A0C91BC942}") = "02_03_03_bubble_sort", "02_03_03_bubble_sort\02_03_03_bubble_sort.vcxproj", "{E636A9A8-BAD8-492A-B59F-1FD9568CC5F6}"
EndProject
Project("{8BC9CEB8-8B4A-11D0-8D11-00A0C91BC942}") = "02_03_04_insertion_sort", "02_03_04_insertion_sort\02_03_04_insertion_sort.vcxproj", "{CAD35543-2112-4811-8129-6A05459C4CE2}"
EndProject
Project("{8BC9CEB8-8B4A-11D0-8D11-00A0C91BC942}") = "18_02_02_merge_sort", "18_02_02_merge_sort\18_02_02_merge_sort.vcxproj", "{641204CD-E28D-4ABD-A59E-1397FFAB62C6}"
EndProject
Project("{8BC9CEB8-8B4A-11D0-8D11-00A0C91BC942}") = "18_02_03_quick_sort", "18_02_03_quick_sort\18_02_03_quick_sort.vcxproj", "{C6E88384-6D64-44A7-B0F8-5305DD615464}"
EndProject
Project("{8BC9CEB8-8B4A-11D0-8D11-00A0C91BC942}") = "18_02_04_select", "18_02_04_select\18_02_04_select.vcxproj", "{134F0B96-3952-44DD-A9DD-C484F2A2267C}"
EndProject
Project("{8BC9CEB8-8B4A-11D0-8D11-00A0C91BC942}") = "18_02_05_closestPair", "18_02_05_closestPair\18_02_05_closestPair.vcxproj", "{74EC9DCB-09B9-4162-999C-3BBFE1C76553}"
EndProject
Project("{8BC9CEB8-8B4A-11D0-8D11-00A0C91BC942}") = "06_05_01_binSort", "06_05_01_binSort\06_05_01_binSort.vcxproj", "{116AE640-2116-4795-AE99-1A72E6583FAB}"
EndProject
Project("{8BC9CEB8-8B4A-11D0-8D11-00A0C91BC942}") = "06_05_02_binSortWithDivisor", "06_05_02_binSortWithDivisor\06_05_02_binSortWithDivisor.vcxproj", "{9A091EAB-04C8-406B-A663-F67C7802B152}"
EndProject
Project("{8BC9CEB8-8B4A-11D0-8D11-00A0C91BC942}") = "19_02_01_recursiveDPKnapsack", "19_02_01_recursiveDPKnapsack\19_02_01_recursiveDPKnapsack.vcxproj", "{907F98E2-8AC9-4F3F-B8E9-9DE2C7764F9C}"
EndProject
Project("{8BC9CEB8-8B4A-11D0-8D11-00A0C91BC942}") = "19_02_02_noRecomputationDPKnapsack", "19_02_02_noRecomputationDPKnapsack\19_02_02_noRecomputationDPKnapsack.vcxproj", "{A7BC1062-A3C6-45C8-A278-008BD278D057}"
EndProject
Project("{8BC9CEB8-8B4A-11D0-8D11-00A0C91BC942}") = "19_02_03_iterativeDPKnapsack", "19_02_03_iterativeDPKnapsack\19_02_03_iterativeDPKnapsack.vcxproj", "{82078D8A-055E-4BDC-8045-3DD29A1D0E83}"
EndProject
Project("{8BC9CEB8-8B4A-11D0-8D11-00A0C91BC942}") = "19_02_03_iterativeDPKnapsack_my", "19_02_03_iterativeDPKnapsack_my\19_02_03_iterativeDPKnapsack_my.vcxproj", "{EE633107-44FB-404F-897A-9B608DA6489F}"
EndProject
Project("{8BC9CEB8-8B4A-11D0-8D11-00A0C91BC942}") = "20_02_01_recursiveBTLoading1", "20_02_01_recursiveBTLoading1\20_02_01_recursiveBTLoading1.vcxproj", "{7B5F9E79-65E2-4F65-A569-5967A6DAAA1F}"
EndProject
Project("{8BC9CEB8-8B4A-11D0-8D11-00A0C91BC942}") = "01_07_01_permutations", "01_07_01_permutations\01_07_01_permutations.vcxproj", "{50407FC6-ADC4-4487-9718-79229BF7E96A}"
EndProject
Project("{8BC9CEB8-8B4A-11D0-8D11-00A0C91BC942}") = "homework_01_23_01", "homework_01_23_01\homework_01_23_01.vcxproj", "{BF5EAC41-7AD1-4855-88B0-3BB33B0DE5BE}"
EndProject
Project("{8BC9CEB8-8B4A-11D0-8D11-00A0C91BC942}") = "homework_01_24_01", "homework_01_24_01\homework_01_24_01.vcxproj", "{BD7EFC20-8231-4107-B710-FD8166D63E1A}"
EndProject
Project("{8BC9CEB8-8B4A-11D0-8D11-00A0C91BC942}") = "homework_01_25_01", "homework_01_25_01\homework_01_25_01.vcxproj", "{53EFB6C7-0C4B-4D49-BB92-383E5BBF585C}"
EndProject
Project("{8BC9CEB8-8B4A-11D0-8D11-00A0C91BC942}") = "homework_01_26_01", "homework_01_26_01\homework_01_26_01.vcxproj", "{06C9DC97-ED7B-4D50-B1DE-C8F5454177AB}"
EndProject
Project("{8BC9CEB8-8B4A-11D0-8D11-00A0C91BC942}") = "01_08_01_permutations_stl", "01_08_01_permutations_stl\01_08_01_permutations_stl.vcxproj", "{30B67743-43FA-4D07-AF6C-AF79F1D3C7B5}"
EndProject
Global
	GlobalSection(SolutionConfigurationPlatforms) = preSolution
		Debug|x64 = Debug|x64
		Debug|x86 = Debug|x86
		Release|x64 = Release|x64
		Release|x86 = Release|x86
	EndGlobalSection
	GlobalSection(ProjectConfigurationPlatforms) = postSolution
		{8BF2F119-5027-47EA-9463-A83090E76547}.Debug|x64.ActiveCfg = Debug|x64
		{8BF2F119-5027-47EA-9463-A83090E76547}.Debug|x64.Build.0 = Debug|x64
		{8BF2F119-5027-47EA-9463-A83090E76547}.Debug|x86.ActiveCfg = Debug|Win32
		{8BF2F119-5027-47EA-9463-A83090E76547}.Debug|x86.Build.0 = Debug|Win32
		{8BF2F119-5027-47EA-9463-A83090E76547}.Release|x64.ActiveCfg = Release|x64
		{8BF2F119-5027-47EA-9463-A83090E76547}.Release|x64.Build.0 = Release|x64
		{8BF2F119-5027-47EA-9463-A83090E76547}.Release|x86.ActiveCfg = Release|Win32
		{8BF2F119-5027-47EA-9463-A83090E76547}.Release|x86.Build.0 = Release|Win32
		{E98E70B2-A36A-4DDB-904C-EB62DCC3DF93}.Debug|x64.ActiveCfg = Debug|x64
		{E98E70B2-A36A-4DDB-904C-EB62DCC3DF93}.Debug|x64.Build.0 = Debug|x64
		{E98E70B2-A36A-4DDB-904C-EB62DCC3DF93}.Debug|x86.ActiveCfg = Debug|Win32
		{E98E70B2-A36A-4DDB-904C-EB62DCC3DF93}.Debug|x86.Build.0 = Debug|Win32
		{E98E70B2-A36A-4DDB-904C-EB62DCC3DF93}.Release|x64.ActiveCfg = Release|x64
		{E98E70B2-A36A-4DDB-904C-EB62DCC3DF93}.Release|x64.Build.0 = Release|x64
		{E98E70B2-A36A-4DDB-904C-EB62DCC3DF93}.Release|x86.ActiveCfg = Release|Win32
		{E98E70B2-A36A-4DDB-904C-EB62DCC3DF93}.Release|x86.Build.0 = Release|Win32
		{54411CDC-B6CD-40B9-B945-448172824FA7}.Debug|x64.ActiveCfg = Debug|x64
		{54411CDC-B6CD-40B9-B945-448172824FA7}.Debug|x64.Build.0 = Debug|x64
		{54411CDC-B6CD-40B9-B945-448172824FA7}.Debug|x86.ActiveCfg = Debug|Win32
		{54411CDC-B6CD-40B9-B945-448172824FA7}.Debug|x86.Build.0 = Debug|Win32
		{54411CDC-B6CD-40B9-B945-448172824FA7}.Release|x64.ActiveCfg = Release|x64
		{54411CDC-B6CD-40B9-B945-448172824FA7}.Release|x64.Build.0 = Release|x64
		{54411CDC-B6CD-40B9-B945-448172824FA7}.Release|x86.ActiveCfg = Release|Win32
		{54411CDC-B6CD-40B9-B945-448172824FA7}.Release|x86.Build.0 = Release|Win32
		{4B7B4190-1A5B-42B4-893D-74596DF9DC57}.Debug|x64.ActiveCfg = Debug|x64
		{4B7B4190-1A5B-42B4-893D-74596DF9DC57}.Debug|x64.Build.0 = Debug|x64
		{4B7B4190-1A5B-42B4-893D-74596DF9DC57}.Debug|x86.ActiveCfg = Debug|Win32
		{4B7B4190-1A5B-42B4-893D-74596DF9DC57}.Debug|x86.Build.0 = Debug|Win32
		{4B7B4190-1A5B-42B4-893D-74596DF9DC57}.Release|x64.ActiveCfg = Release|x64
		{4B7B4190-1A5B-42B4-893D-74596DF9DC57}.Release|x64.Build.0 = Release|x64
		{4B7B4190-1A5B-42B4-893D-74596DF9DC57}.Release|x86.ActiveCfg = Release|Win32
		{4B7B4190-1A5B-42B4-893D-74596DF9DC57}.Release|x86.Build.0 = Release|Win32
		{CE3E2C36-EF91-47E2-844E-C9F9477156BF}.Debug|x64.ActiveCfg = Debug|x64
		{CE3E2C36-EF91-47E2-844E-C9F9477156BF}.Debug|x64.Build.0 = Debug|x64
		{CE3E2C36-EF91-47E2-844E-C9F9477156BF}.Debug|x86.ActiveCfg = Debug|Win32
		{CE3E2C36-EF91-47E2-844E-C9F9477156BF}.Debug|x86.Build.0 = Debug|Win32
		{CE3E2C36-EF91-47E2-844E-C9F9477156BF}.Release|x64.ActiveCfg = Release|x64
		{CE3E2C36-EF91-47E2-844E-C9F9477156BF}.Release|x64.Build.0 = Release|x64
		{CE3E2C36-EF91-47E2-844E-C9F9477156BF}.Release|x86.ActiveCfg = Release|Win32
		{CE3E2C36-EF91-47E2-844E-C9F9477156BF}.Release|x86.Build.0 = Release|Win32
		{6D0337F9-E63A-4FC8-BDBB-84DE8E1C10D0}.Debug|x64.ActiveCfg = Debug|x64
		{6D0337F9-E63A-4FC8-BDBB-84DE8E1C10D0}.Debug|x64.Build.0 = Debug|x64
		{6D0337F9-E63A-4FC8-BDBB-84DE8E1C10D0}.Debug|x86.ActiveCfg = Debug|Win32
		{6D0337F9-E63A-4FC8-BDBB-84DE8E1C10D0}.Debug|x86.Build.0 = Debug|Win32
		{6D0337F9-E63A-4FC8-BDBB-84DE8E1C10D0}.Release|x64.ActiveCfg = Release|x64
		{6D0337F9-E63A-4FC8-BDBB-84DE8E1C10D0}.Release|x64.Build.0 = Release|x64
		{6D0337F9-E63A-4FC8-BDBB-84DE8E1C10D0}.Release|x86.ActiveCfg = Release|Win32
		{6D0337F9-E63A-4FC8-BDBB-84DE8E1C10D0}.Release|x86.Build.0 = Release|Win32
		{D62F487F-8AEF-4DB0-AEAA-545AC9561DFF}.Debug|x64.ActiveCfg = Debug|x64
		{D62F487F-8AEF-4DB0-AEAA-545AC9561DFF}.Debug|x64.Build.0 = Debug|x64
		{D62F487F-8AEF-4DB0-AEAA-545AC9561DFF}.Debug|x86.ActiveCfg = Debug|Win32
		{D62F487F-8AEF-4DB0-AEAA-545AC9561DFF}.Debug|x86.Build.0 = Debug|Win32
		{D62F487F-8AEF-4DB0-AEAA-545AC9561DFF}.Release|x64.ActiveCfg = Release|x64
		{D62F487F-8AEF-4DB0-AEAA-545AC9561DFF}.Release|x64.Build.0 = Release|x64
		{D62F487F-8AEF-4DB0-AEAA-545AC9561DFF}.Release|x86.ActiveCfg = Release|Win32
		{D62F487F-8AEF-4DB0-AEAA-545AC9561DFF}.Release|x86.Build.0 = Release|Win32
		{9287C72A-ADD3-4E8D-BDEC-0DAF2B497C15}.Debug|x64.ActiveCfg = Debug|x64
		{9287C72A-ADD3-4E8D-BDEC-0DAF2B497C15}.Debug|x64.Build.0 = Debug|x64
		{9287C72A-ADD3-4E8D-BDEC-0DAF2B497C15}.Debug|x86.ActiveCfg = Debug|Win32
		{9287C72A-ADD3-4E8D-BDEC-0DAF2B497C15}.Debug|x86.Build.0 = Debug|Win32
		{9287C72A-ADD3-4E8D-BDEC-0DAF2B497C15}.Release|x64.ActiveCfg = Release|x64
		{9287C72A-ADD3-4E8D-BDEC-0DAF2B497C15}.Release|x64.Build.0 = Release|x64
		{9287C72A-ADD3-4E8D-BDEC-0DAF2B497C15}.Release|x86.ActiveCfg = Release|Win32
		{9287C72A-ADD3-4E8D-BDEC-0DAF2B497C15}.Release|x86.Build.0 = Release|Win32
		{344BECA7-293F-4759-BEFE-6E521400DE1D}.Debug|x64.ActiveCfg = Debug|x64
		{344BECA7-293F-4759-BEFE-6E521400DE1D}.Debug|x64.Build.0 = Debug|x64
		{344BECA7-293F-4759-BEFE-6E521400DE1D}.Debug|x86.ActiveCfg = Debug|Win32
		{344BECA7-293F-4759-BEFE-6E521400DE1D}.Debug|x86.Build.0 = Debug|Win32
		{344BECA7-293F-4759-BEFE-6E521400DE1D}.Release|x64.ActiveCfg = Release|x64
		{344BECA7-293F-4759-BEFE-6E521400DE1D}.Release|x64.Build.0 = Release|x64
		{344BECA7-293F-4759-BEFE-6E521400DE1D}.Release|x86.ActiveCfg = Release|Win32
		{344BECA7-293F-4759-BEFE-6E521400DE1D}.Release|x86.Build.0 = Release|Win32
		{D33639AF-3453-4C12-8E9E-3FB5EC8A8E86}.Debug|x64.ActiveCfg = Debug|x64
		{D33639AF-3453-4C12-8E9E-3FB5EC8A8E86}.Debug|x64.Build.0 = Debug|x64
		{D33639AF-3453-4C12-8E9E-3FB5EC8A8E86}.Debug|x86.ActiveCfg = Debug|Win32
		{D33639AF-3453-4C12-8E9E-3FB5EC8A8E86}.Debug|x86.Build.0 = Debug|Win32
		{D33639AF-3453-4C12-8E9E-3FB5EC8A8E86}.Release|x64.ActiveCfg = Release|x64
		{D33639AF-3453-4C12-8E9E-3FB5EC8A8E86}.Release|x64.Build.0 = Release|x64
		{D33639AF-3453-4C12-8E9E-3FB5EC8A8E86}.Release|x86.ActiveCfg = Release|Win32
		{D33639AF-3453-4C12-8E9E-3FB5EC8A8E86}.Release|x86.Build.0 = Release|Win32
		{2EC1A708-314D-4014-BC63-D5C257FDDFE8}.Debug|x64.ActiveCfg = Debug|x64
		{2EC1A708-314D-4014-BC63-D5C257FDDFE8}.Debug|x64.Build.0 = Debug|x64
		{2EC1A708-314D-4014-BC63-D5C257FDDFE8}.Debug|x86.ActiveCfg = Debug|Win32
		{2EC1A708-314D-4014-BC63-D5C257FDDFE8}.Debug|x86.Build.0 = Debug|Win32
		{2EC1A708-314D-4014-BC63-D5C257FDDFE8}.Release|x64.ActiveCfg = Release|x64
		{2EC1A708-314D-4014-BC63-D5C257FDDFE8}.Release|x64.Build.0 = Release|x64
		{2EC1A708-314D-4014-BC63-D5C257FDDFE8}.Release|x86.ActiveCfg = Release|Win32
		{2EC1A708-314D-4014-BC63-D5C257FDDFE8}.Release|x86.Build.0 = Release|Win32
		{E7D1D922-25B3-4C5C-8BB5-99D994938A21}.Debug|x64.ActiveCfg = Debug|x64
		{E7D1D922-25B3-4C5C-8BB5-99D994938A21}.Debug|x64.Build.0 = Debug|x64
		{E7D1D922-25B3-4C5C-8BB5-99D994938A21}.Debug|x86.ActiveCfg = Debug|Win32
		{E7D1D922-25B3-4C5C-8BB5-99D994938A21}.Debug|x86.Build.0 = Debug|Win32
		{E7D1D922-25B3-4C5C-8BB5-99D994938A21}.Release|x64.ActiveCfg = Release|x64
		{E7D1D922-25B3-4C5C-8BB5-99D994938A21}.Release|x64.Build.0 = Release|x64
		{E7D1D922-25B3-4C5C-8BB5-99D994938A21}.Release|x86.ActiveCfg = Release|Win32
		{E7D1D922-25B3-4C5C-8BB5-99D994938A21}.Release|x86.Build.0 = Release|Win32
		{383C0AD2-2E19-40A0-8CC0-3487A385BB40}.Debug|x64.ActiveCfg = Debug|x64
		{383C0AD2-2E19-40A0-8CC0-3487A385BB40}.Debug|x64.Build.0 = Debug|x64
		{383C0AD2-2E19-40A0-8CC0-3487A385BB40}.Debug|x86.ActiveCfg = Debug|Win32
		{383C0AD2-2E19-40A0-8CC0-3487A385BB40}.Debug|x86.Build.0 = Debug|Win32
		{383C0AD2-2E19-40A0-8CC0-3487A385BB40}.Release|x64.ActiveCfg = Release|x64
		{383C0AD2-2E19-40A0-8CC0-3487A385BB40}.Release|x64.Build.0 = Release|x64
		{383C0AD2-2E19-40A0-8CC0-3487A385BB40}.Release|x86.ActiveCfg = Release|Win32
		{383C0AD2-2E19-40A0-8CC0-3487A385BB40}.Release|x86.Build.0 = Release|Win32
		{FD798BAF-35D5-4DD9-93DE-C3C9C211E25F}.Debug|x64.ActiveCfg = Debug|x64
		{FD798BAF-35D5-4DD9-93DE-C3C9C211E25F}.Debug|x64.Build.0 = Debug|x64
		{FD798BAF-35D5-4DD9-93DE-C3C9C211E25F}.Debug|x86.ActiveCfg = Debug|Win32
		{FD798BAF-35D5-4DD9-93DE-C3C9C211E25F}.Debug|x86.Build.0 = Debug|Win32
		{FD798BAF-35D5-4DD9-93DE-C3C9C211E25F}.Release|x64.ActiveCfg = Release|x64
		{FD798BAF-35D5-4DD9-93DE-C3C9C211E25F}.Release|x64.Build.0 = Release|x64
		{FD798BAF-35D5-4DD9-93DE-C3C9C211E25F}.Release|x86.ActiveCfg = Release|Win32
		{FD798BAF-35D5-4DD9-93DE-C3C9C211E25F}.Release|x86.Build.0 = Release|Win32
		{08095F8A-2C96-4AF5-9F51-90A5EA562AE6}.Debug|x64.ActiveCfg = Debug|x64
		{08095F8A-2C96-4AF5-9F51-90A5EA562AE6}.Debug|x64.Build.0 = Debug|x64
		{08095F8A-2C96-4AF5-9F51-90A5EA562AE6}.Debug|x86.ActiveCfg = Debug|Win32
		{08095F8A-2C96-4AF5-9F51-90A5EA562AE6}.Debug|x86.Build.0 = Debug|Win32
		{08095F8A-2C96-4AF5-9F51-90A5EA562AE6}.Release|x64.ActiveCfg = Release|x64
		{08095F8A-2C96-4AF5-9F51-90A5EA562AE6}.Release|x64.Build.0 = Release|x64
		{08095F8A-2C96-4AF5-9F51-90A5EA562AE6}.Release|x86.ActiveCfg = Release|Win32
		{08095F8A-2C96-4AF5-9F51-90A5EA562AE6}.Release|x86.Build.0 = Release|Win32
		{16B77F33-FB16-45FB-A11A-3938C6AB048E}.Debug|x64.ActiveCfg = Debug|x64
		{16B77F33-FB16-45FB-A11A-3938C6AB048E}.Debug|x64.Build.0 = Debug|x64
		{16B77F33-FB16-45FB-A11A-3938C6AB048E}.Debug|x86.ActiveCfg = Debug|Win32
		{16B77F33-FB16-45FB-A11A-3938C6AB048E}.Debug|x86.Build.0 = Debug|Win32
		{16B77F33-FB16-45FB-A11A-3938C6AB048E}.Release|x64.ActiveCfg = Release|x64
		{16B77F33-FB16-45FB-A11A-3938C6AB048E}.Release|x64.Build.0 = Release|x64
		{16B77F33-FB16-45FB-A11A-3938C6AB048E}.Release|x86.ActiveCfg = Release|Win32
		{16B77F33-FB16-45FB-A11A-3938C6AB048E}.Release|x86.Build.0 = Release|Win32
		{8A7090D6-8C22-4DE4-A30D-89A770113049}.Debug|x64.ActiveCfg = Debug|x64
		{8A7090D6-8C22-4DE4-A30D-89A770113049}.Debug|x64.Build.0 = Debug|x64
		{8A7090D6-8C22-4DE4-A30D-89A770113049}.Debug|x86.ActiveCfg = Debug|Win32
		{8A7090D6-8C22-4DE4-A30D-89A770113049}.Debug|x86.Build.0 = Debug|Win32
		{8A7090D6-8C22-4DE4-A30D-89A770113049}.Release|x64.ActiveCfg = Release|x64
		{8A7090D6-8C22-4DE4-A30D-89A770113049}.Release|x64.Build.0 = Release|x64
		{8A7090D6-8C22-4DE4-A30D-89A770113049}.Release|x86.ActiveCfg = Release|Win32
		{8A7090D6-8C22-4DE4-A30D-89A770113049}.Release|x86.Build.0 = Release|Win32
		{E9654B22-1758-4128-AF7D-F32F919CB9EC}.Debug|x64.ActiveCfg = Debug|x64
		{E9654B22-1758-4128-AF7D-F32F919CB9EC}.Debug|x64.Build.0 = Debug|x64
		{E9654B22-1758-4128-AF7D-F32F919CB9EC}.Debug|x86.ActiveCfg = Debug|Win32
		{E9654B22-1758-4128-AF7D-F32F919CB9EC}.Debug|x86.Build.0 = Debug|Win32
		{E9654B22-1758-4128-AF7D-F32F919CB9EC}.Release|x64.ActiveCfg = Release|x64
		{E9654B22-1758-4128-AF7D-F32F919CB9EC}.Release|x64.Build.0 = Release|x64
		{E9654B22-1758-4128-AF7D-F32F919CB9EC}.Release|x86.ActiveCfg = Release|Win32
		{E9654B22-1758-4128-AF7D-F32F919CB9EC}.Release|x86.Build.0 = Release|Win32
		{6F573DCD-4F27-4D64-8D3E-28072CE77632}.Debug|x64.ActiveCfg = Debug|x64
		{6F573DCD-4F27-4D64-8D3E-28072CE77632}.Debug|x64.Build.0 = Debug|x64
		{6F573DCD-4F27-4D64-8D3E-28072CE77632}.Debug|x86.ActiveCfg = Debug|Win32
		{6F573DCD-4F27-4D64-8D3E-28072CE77632}.Debug|x86.Build.0 = Debug|Win32
		{6F573DCD-4F27-4D64-8D3E-28072CE77632}.Release|x64.ActiveCfg = Release|x64
		{6F573DCD-4F27-4D64-8D3E-28072CE77632}.Release|x64.Build.0 = Release|x64
		{6F573DCD-4F27-4D64-8D3E-28072CE77632}.Release|x86.ActiveCfg = Release|Win32
		{6F573DCD-4F27-4D64-8D3E-28072CE77632}.Release|x86.Build.0 = Release|Win32
		{F823EB68-B1A6-4404-B512-4394B489EE50}.Debug|x64.ActiveCfg = Debug|x64
		{F823EB68-B1A6-4404-B512-4394B489EE50}.Debug|x64.Build.0 = Debug|x64
		{F823EB68-B1A6-4404-B512-4394B489EE50}.Debug|x86.ActiveCfg = Debug|Win32
		{F823EB68-B1A6-4404-B512-4394B489EE50}.Debug|x86.Build.0 = Debug|Win32
		{F823EB68-B1A6-4404-B512-4394B489EE50}.Release|x64.ActiveCfg = Release|x64
		{F823EB68-B1A6-4404-B512-4394B489EE50}.Release|x64.Build.0 = Release|x64
		{F823EB68-B1A6-4404-B512-4394B489EE50}.Release|x86.ActiveCfg = Release|Win32
		{F823EB68-B1A6-4404-B512-4394B489EE50}.Release|x86.Build.0 = Release|Win32
		{7D556CC5-5803-4F97-88AD-D0A844416FD9}.Debug|x64.ActiveCfg = Debug|x64
		{7D556CC5-5803-4F97-88AD-D0A844416FD9}.Debug|x64.Build.0 = Debug|x64
		{7D556CC5-5803-4F97-88AD-D0A844416FD9}.Debug|x86.ActiveCfg = Debug|Win32
		{7D556CC5-5803-4F97-88AD-D0A844416FD9}.Debug|x86.Build.0 = Debug|Win32
		{7D556CC5-5803-4F97-88AD-D0A844416FD9}.Release|x64.ActiveCfg = Release|x64
		{7D556CC5-5803-4F97-88AD-D0A844416FD9}.Release|x64.Build.0 = Release|x64
		{7D556CC5-5803-4F97-88AD-D0A844416FD9}.Release|x86.ActiveCfg = Release|Win32
		{7D556CC5-5803-4F97-88AD-D0A844416FD9}.Release|x86.Build.0 = Release|Win32
		{772D380D-738F-44B0-B1D8-305E04786460}.Debug|x64.ActiveCfg = Debug|x64
		{772D380D-738F-44B0-B1D8-305E04786460}.Debug|x64.Build.0 = Debug|x64
		{772D380D-738F-44B0-B1D8-305E04786460}.Debug|x86.ActiveCfg = Debug|Win32
		{772D380D-738F-44B0-B1D8-305E04786460}.Debug|x86.Build.0 = Debug|Win32
		{772D380D-738F-44B0-B1D8-305E04786460}.Release|x64.ActiveCfg = Release|x64
		{772D380D-738F-44B0-B1D8-305E04786460}.Release|x64.Build.0 = Release|x64
		{772D380D-738F-44B0-B1D8-305E04786460}.Release|x86.ActiveCfg = Release|Win32
		{772D380D-738F-44B0-B1D8-305E04786460}.Release|x86.Build.0 = Release|Win32
		{D18FE013-FB54-4E98-9090-454BFC517E03}.Debug|x64.ActiveCfg = Debug|x64
		{D18FE013-FB54-4E98-9090-454BFC517E03}.Debug|x64.Build.0 = Debug|x64
		{D18FE013-FB54-4E98-9090-454BFC517E03}.Debug|x86.ActiveCfg = Debug|Win32
		{D18FE013-FB54-4E98-9090-454BFC517E03}.Debug|x86.Build.0 = Debug|Win32
		{D18FE013-FB54-4E98-9090-454BFC517E03}.Release|x64.ActiveCfg = Release|x64
		{D18FE013-FB54-4E98-9090-454BFC517E03}.Release|x64.Build.0 = Release|x64
		{D18FE013-FB54-4E98-9090-454BFC517E03}.Release|x86.ActiveCfg = Release|Win32
		{D18FE013-FB54-4E98-9090-454BFC517E03}.Release|x86.Build.0 = Release|Win32
		{344988ED-9FC2-49C2-A0BC-0C93FD77BCA4}.Debug|x64.ActiveCfg = Debug|x64
		{344988ED-9FC2-49C2-A0BC-0C93FD77BCA4}.Debug|x64.Build.0 = Debug|x64
		{344988ED-9FC2-49C2-A0BC-0C93FD77BCA4}.Debug|x86.ActiveCfg = Debug|Win32
		{344988ED-9FC2-49C2-A0BC-0C93FD77BCA4}.Debug|x86.Build.0 = Debug|Win32
		{344988ED-9FC2-49C2-A0BC-0C93FD77BCA4}.Release|x64.ActiveCfg = Release|x64
		{344988ED-9FC2-49C2-A0BC-0C93FD77BCA4}.Release|x64.Build.0 = Release|x64
		{344988ED-9FC2-49C2-A0BC-0C93FD77BCA4}.Release|x86.ActiveCfg = Release|Win32
		{344988ED-9FC2-49C2-A0BC-0C93FD77BCA4}.Release|x86.Build.0 = Release|Win32
		{04A76938-9E7F-4E6F-AC04-9293A7D4544F}.Debug|x64.ActiveCfg = Debug|x64
		{04A76938-9E7F-4E6F-AC04-9293A7D4544F}.Debug|x64.Build.0 = Debug|x64
		{04A76938-9E7F-4E6F-AC04-9293A7D4544F}.Debug|x86.ActiveCfg = Debug|Win32
		{04A76938-9E7F-4E6F-AC04-9293A7D4544F}.Debug|x86.Build.0 = Debug|Win32
		{04A76938-9E7F-4E6F-AC04-9293A7D4544F}.Release|x64.ActiveCfg = Release|x64
		{04A76938-9E7F-4E6F-AC04-9293A7D4544F}.Release|x64.Build.0 = Release|x64
		{04A76938-9E7F-4E6F-AC04-9293A7D4544F}.Release|x86.ActiveCfg = Release|Win32
		{04A76938-9E7F-4E6F-AC04-9293A7D4544F}.Release|x86.Build.0 = Release|Win32
		{B43C8574-E31E-42D5-B61A-A2CF4895809B}.Debug|x64.ActiveCfg = Debug|x64
		{B43C8574-E31E-42D5-B61A-A2CF4895809B}.Debug|x64.Build.0 = Debug|x64
		{B43C8574-E31E-42D5-B61A-A2CF4895809B}.Debug|x86.ActiveCfg = Debug|Win32
		{B43C8574-E31E-42D5-B61A-A2CF4895809B}.Debug|x86.Build.0 = Debug|Win32
		{B43C8574-E31E-42D5-B61A-A2CF4895809B}.Release|x64.ActiveCfg = Release|x64
		{B43C8574-E31E-42D5-B61A-A2CF4895809B}.Release|x64.Build.0 = Release|x64
		{B43C8574-E31E-42D5-B61A-A2CF4895809B}.Release|x86.ActiveCfg = Release|Win32
		{B43C8574-E31E-42D5-B61A-A2CF4895809B}.Release|x86.Build.0 = Release|Win32
		{5605CA9E-9ECB-49A9-847D-0E4A6F33231C}.Debug|x64.ActiveCfg = Debug|x64
		{5605CA9E-9ECB-49A9-847D-0E4A6F33231C}.Debug|x64.Build.0 = Debug|x64
		{5605CA9E-9ECB-49A9-847D-0E4A6F33231C}.Debug|x86.ActiveCfg = Debug|Win32
		{5605CA9E-9ECB-49A9-847D-0E4A6F33231C}.Debug|x86.Build.0 = Debug|Win32
		{5605CA9E-9ECB-49A9-847D-0E4A6F33231C}.Release|x64.ActiveCfg = Release|x64
		{5605CA9E-9ECB-49A9-847D-0E4A6F33231C}.Release|x64.Build.0 = Release|x64
		{5605CA9E-9ECB-49A9-847D-0E4A6F33231C}.Release|x86.ActiveCfg = Release|Win32
		{5605CA9E-9ECB-49A9-847D-0E4A6F33231C}.Release|x86.Build.0 = Release|Win32
		{B04D56D5-F0D9-4E36-B32D-04CEDF43EEFD}.Debug|x64.ActiveCfg = Debug|x64
		{B04D56D5-F0D9-4E36-B32D-04CEDF43EEFD}.Debug|x64.Build.0 = Debug|x64
		{B04D56D5-F0D9-4E36-B32D-04CEDF43EEFD}.Debug|x86.ActiveCfg = Debug|Win32
		{B04D56D5-F0D9-4E36-B32D-04CEDF43EEFD}.Debug|x86.Build.0 = Debug|Win32
		{B04D56D5-F0D9-4E36-B32D-04CEDF43EEFD}.Release|x64.ActiveCfg = Release|x64
		{B04D56D5-F0D9-4E36-B32D-04CEDF43EEFD}.Release|x64.Build.0 = Release|x64
		{B04D56D5-F0D9-4E36-B32D-04CEDF43EEFD}.Release|x86.ActiveCfg = Release|Win32
		{B04D56D5-F0D9-4E36-B32D-04CEDF43EEFD}.Release|x86.Build.0 = Release|Win32
		{BA0B4E98-110A-4770-B568-F54457E7CE43}.Debug|x64.ActiveCfg = Debug|x64
		{BA0B4E98-110A-4770-B568-F54457E7CE43}.Debug|x64.Build.0 = Debug|x64
		{BA0B4E98-110A-4770-B568-F54457E7CE43}.Debug|x86.ActiveCfg = Debug|Win32
		{BA0B4E98-110A-4770-B568-F54457E7CE43}.Debug|x86.Build.0 = Debug|Win32
		{BA0B4E98-110A-4770-B568-F54457E7CE43}.Release|x64.ActiveCfg = Release|x64
		{BA0B4E98-110A-4770-B568-F54457E7CE43}.Release|x64.Build.0 = Release|x64
		{BA0B4E98-110A-4770-B568-F54457E7CE43}.Release|x86.ActiveCfg = Release|Win32
		{BA0B4E98-110A-4770-B568-F54457E7CE43}.Release|x86.Build.0 = Release|Win32
		{F2CFC126-120B-44DE-AAAE-459150228DB2}.Debug|x64.ActiveCfg = Debug|x64
		{F2CFC126-120B-44DE-AAAE-459150228DB2}.Debug|x64.Build.0 = Debug|x64
		{F2CFC126-120B-44DE-AAAE-459150228DB2}.Debug|x86.ActiveCfg = Debug|Win32
		{F2CFC126-120B-44DE-AAAE-459150228DB2}.Debug|x86.Build.0 = Debug|Win32
		{F2CFC126-120B-44DE-AAAE-459150228DB2}.Release|x64.ActiveCfg = Release|x64
		{F2CFC126-120B-44DE-AAAE-459150228DB2}.Release|x64.Build.0 = Release|x64
		{F2CFC126-120B-44DE-AAAE-459150228DB2}.Release|x86.ActiveCfg = Release|Win32
		{F2CFC126-120B-44DE-AAAE-459150228DB2}.Release|x86.Build.0 = Release|Win32
		{C3BBEC20-340B-45BE-B5E5-EBA444D4E50B}.Debug|x64.ActiveCfg = Debug|x64
		{C3BBEC20-340B-45BE-B5E5-EBA444D4E50B}.Debug|x64.Build.0 = Debug|x64
		{C3BBEC20-340B-45BE-B5E5-EBA444D4E50B}.Debug|x86.ActiveCfg = Debug|Win32
		{C3BBEC20-340B-45BE-B5E5-EBA444D4E50B}.Debug|x86.Build.0 = Debug|Win32
		{C3BBEC20-340B-45BE-B5E5-EBA444D4E50B}.Release|x64.ActiveCfg = Release|x64
		{C3BBEC20-340B-45BE-B5E5-EBA444D4E50B}.Release|x64.Build.0 = Release|x64
		{C3BBEC20-340B-45BE-B5E5-EBA444D4E50B}.Release|x86.ActiveCfg = Release|Win32
		{C3BBEC20-340B-45BE-B5E5-EBA444D4E50B}.Release|x86.Build.0 = Release|Win32
		{E636A9A8-BAD8-492A-B59F-1FD9568CC5F6}.Debug|x64.ActiveCfg = Debug|x64
		{E636A9A8-BAD8-492A-B59F-1FD9568CC5F6}.Debug|x64.Build.0 = Debug|x64
		{E636A9A8-BAD8-492A-B59F-1FD9568CC5F6}.Debug|x86.ActiveCfg = Debug|Win32
		{E636A9A8-BAD8-492A-B59F-1FD9568CC5F6}.Debug|x86.Build.0 = Debug|Win32
		{E636A9A8-BAD8-492A-B59F-1FD9568CC5F6}.Release|x64.ActiveCfg = Release|x64
		{E636A9A8-BAD8-492A-B59F-1FD9568CC5F6}.Release|x64.Build.0 = Release|x64
		{E636A9A8-BAD8-492A-B59F-1FD9568CC5F6}.Release|x86.ActiveCfg = Release|Win32
		{E636A9A8-BAD8-492A-B59F-1FD9568CC5F6}.Release|x86.Build.0 = Release|Win32
		{CAD35543-2112-4811-8129-6A05459C4CE2}.Debug|x64.ActiveCfg = Debug|x64
		{CAD35543-2112-4811-8129-6A05459C4CE2}.Debug|x64.Build.0 = Debug|x64
		{CAD35543-2112-4811-8129-6A05459C4CE2}.Debug|x86.ActiveCfg = Debug|Win32
		{CAD35543-2112-4811-8129-6A05459C4CE2}.Debug|x86.Build.0 = Debug|Win32
		{CAD35543-2112-4811-8129-6A05459C4CE2}.Release|x64.ActiveCfg = Release|x64
		{CAD35543-2112-4811-8129-6A05459C4CE2}.Release|x64.Build.0 = Release|x64
		{CAD35543-2112-4811-8129-6A05459C4CE2}.Release|x86.ActiveCfg = Release|Win32
		{CAD35543-2112-4811-8129-6A05459C4CE2}.Release|x86.Build.0 = Release|Win32
		{641204CD-E28D-4ABD-A59E-1397FFAB62C6}.Debug|x64.ActiveCfg = Debug|x64
		{641204CD-E28D-4ABD-A59E-1397FFAB62C6}.Debug|x64.Build.0 = Debug|x64
		{641204CD-E28D-4ABD-A59E-1397FFAB62C6}.Debug|x86.ActiveCfg = Debug|Win32
		{641204CD-E28D-4ABD-A59E-1397FFAB62C6}.Debug|x86.Build.0 = Debug|Win32
		{641204CD-E28D-4ABD-A59E-1397FFAB62C6}.Release|x64.ActiveCfg = Release|x64
		{641204CD-E28D-4ABD-A59E-1397FFAB62C6}.Release|x64.Build.0 = Release|x64
		{641204CD-E28D-4ABD-A59E-1397FFAB62C6}.Release|x86.ActiveCfg = Release|Win32
		{641204CD-E28D-4ABD-A59E-1397FFAB62C6}.Release|x86.Build.0 = Release|Win32
		{C6E88384-6D64-44A7-B0F8-5305DD615464}.Debug|x64.ActiveCfg = Debug|x64
		{C6E88384-6D64-44A7-B0F8-5305DD615464}.Debug|x64.Build.0 = Debug|x64
		{C6E88384-6D64-44A7-B0F8-5305DD615464}.Debug|x86.ActiveCfg = Debug|Win32
		{C6E88384-6D64-44A7-B0F8-5305DD615464}.Debug|x86.Build.0 = Debug|Win32
		{C6E88384-6D64-44A7-B0F8-5305DD615464}.Release|x64.ActiveCfg = Release|x64
		{C6E88384-6D64-44A7-B0F8-5305DD615464}.Release|x64.Build.0 = Release|x64
		{C6E88384-6D64-44A7-B0F8-5305DD615464}.Release|x86.ActiveCfg = Release|Win32
		{C6E88384-6D64-44A7-B0F8-5305DD615464}.Release|x86.Build.0 = Release|Win32
		{134F0B96-3952-44DD-A9DD-C484F2A2267C}.Debug|x64.ActiveCfg = Debug|x64
		{134F0B96-3952-44DD-A9DD-C484F2A2267C}.Debug|x64.Build.0 = Debug|x64
		{134F0B96-3952-44DD-A9DD-C484F2A2267C}.Debug|x86.ActiveCfg = Debug|Win32
		{134F0B96-3952-44DD-A9DD-C484F2A2267C}.Debug|x86.Build.0 = Debug|Win32
		{134F0B96-3952-44DD-A9DD-C484F2A2267C}.Release|x64.ActiveCfg = Release|x64
		{134F0B96-3952-44DD-A9DD-C484F2A2267C}.Release|x64.Build.0 = Release|x64
		{134F0B96-3952-44DD-A9DD-C484F2A2267C}.Release|x86.ActiveCfg = Release|Win32
		{134F0B96-3952-44DD-A9DD-C484F2A2267C}.Release|x86.Build.0 = Release|Win32
		{74EC9DCB-09B9-4162-999C-3BBFE1C76553}.Debug|x64.ActiveCfg = Debug|x64
		{74EC9DCB-09B9-4162-999C-3BBFE1C76553}.Debug|x64.Build.0 = Debug|x64
		{74EC9DCB-09B9-4162-999C-3BBFE1C76553}.Debug|x86.ActiveCfg = Debug|Win32
		{74EC9DCB-09B9-4162-999C-3BBFE1C76553}.Debug|x86.Build.0 = Debug|Win32
		{74EC9DCB-09B9-4162-999C-3BBFE1C76553}.Release|x64.ActiveCfg = Release|x64
		{74EC9DCB-09B9-4162-999C-3BBFE1C76553}.Release|x64.Build.0 = Release|x64
		{74EC9DCB-09B9-4162-999C-3BBFE1C76553}.Release|x86.ActiveCfg = Release|Win32
		{74EC9DCB-09B9-4162-999C-3BBFE1C76553}.Release|x86.Build.0 = Release|Win32
		{116AE640-2116-4795-AE99-1A72E6583FAB}.Debug|x64.ActiveCfg = Debug|x64
		{116AE640-2116-4795-AE99-1A72E6583FAB}.Debug|x64.Build.0 = Debug|x64
		{116AE640-2116-4795-AE99-1A72E6583FAB}.Debug|x86.ActiveCfg = Debug|Win32
		{116AE640-2116-4795-AE99-1A72E6583FAB}.Debug|x86.Build.0 = Debug|Win32
		{116AE640-2116-4795-AE99-1A72E6583FAB}.Release|x64.ActiveCfg = Release|x64
		{116AE640-2116-4795-AE99-1A72E6583FAB}.Release|x64.Build.0 = Release|x64
		{116AE640-2116-4795-AE99-1A72E6583FAB}.Release|x86.ActiveCfg = Release|Win32
		{116AE640-2116-4795-AE99-1A72E6583FAB}.Release|x86.Build.0 = Release|Win32
		{9A091EAB-04C8-406B-A663-F67C7802B152}.Debug|x64.ActiveCfg = Debug|x64
		{9A091EAB-04C8-406B-A663-F67C7802B152}.Debug|x64.Build.0 = Debug|x64
		{9A091EAB-04C8-406B-A663-F67C7802B152}.Debug|x86.ActiveCfg = Debug|Win32
		{9A091EAB-04C8-406B-A663-F67C7802B152}.Debug|x86.Build.0 = Debug|Win32
		{9A091EAB-04C8-406B-A663-F67C7802B152}.Release|x64.ActiveCfg = Release|x64
		{9A091EAB-04C8-406B-A663-F67C7802B152}.Release|x64.Build.0 = Release|x64
		{9A091EAB-04C8-406B-A663-F67C7802B152}.Release|x86.ActiveCfg = Release|Win32
		{9A091EAB-04C8-406B-A663-F67C7802B152}.Release|x86.Build.0 = Release|Win32
		{907F98E2-8AC9-4F3F-B8E9-9DE2C7764F9C}.Debug|x64.ActiveCfg = Debug|x64
		{907F98E2-8AC9-4F3F-B8E9-9DE2C7764F9C}.Debug|x64.Build.0 = Debug|x64
		{907F98E2-8AC9-4F3F-B8E9-9DE2C7764F9C}.Debug|x86.ActiveCfg = Debug|Win32
		{907F98E2-8AC9-4F3F-B8E9-9DE2C7764F9C}.Debug|x86.Build.0 = Debug|Win32
		{907F98E2-8AC9-4F3F-B8E9-9DE2C7764F9C}.Release|x64.ActiveCfg = Release|x64
		{907F98E2-8AC9-4F3F-B8E9-9DE2C7764F9C}.Release|x64.Build.0 = Release|x64
		{907F98E2-8AC9-4F3F-B8E9-9DE2C7764F9C}.Release|x86.ActiveCfg = Release|Win32
		{907F98E2-8AC9-4F3F-B8E9-9DE2C7764F9C}.Release|x86.Build.0 = Release|Win32
		{A7BC1062-A3C6-45C8-A278-008BD278D057}.Debug|x64.ActiveCfg = Debug|x64
		{A7BC1062-A3C6-45C8-A278-008BD278D057}.Debug|x64.Build.0 = Debug|x64
		{A7BC1062-A3C6-45C8-A278-008BD278D057}.Debug|x86.ActiveCfg = Debug|Win32
		{A7BC1062-A3C6-45C8-A278-008BD278D057}.Debug|x86.Build.0 = Debug|Win32
		{A7BC1062-A3C6-45C8-A278-008BD278D057}.Release|x64.ActiveCfg = Release|x64
		{A7BC1062-A3C6-45C8-A278-008BD278D057}.Release|x64.Build.0 = Release|x64
		{A7BC1062-A3C6-45C8-A278-008BD278D057}.Release|x86.ActiveCfg = Release|Win32
		{A7BC1062-A3C6-45C8-A278-008BD278D057}.Release|x86.Build.0 = Release|Win32
		{82078D8A-055E-4BDC-8045-3DD29A1D0E83}.Debug|x64.ActiveCfg = Debug|x64
		{82078D8A-055E-4BDC-8045-3DD29A1D0E83}.Debug|x64.Build.0 = Debug|x64
		{82078D8A-055E-4BDC-8045-3DD29A1D0E83}.Debug|x86.ActiveCfg = Debug|Win32
		{82078D8A-055E-4BDC-8045-3DD29A1D0E83}.Debug|x86.Build.0 = Debug|Win32
		{82078D8A-055E-4BDC-8045-3DD29A1D0E83}.Release|x64.ActiveCfg = Release|x64
		{82078D8A-055E-4BDC-8045-3DD29A1D0E83}.Release|x64.Build.0 = Release|x64
		{82078D8A-055E-4BDC-8045-3DD29A1D0E83}.Release|x86.ActiveCfg = Release|Win32
		{82078D8A-055E-4BDC-8045-3DD29A1D0E83}.Release|x86.Build.0 = Release|Win32
		{EE633107-44FB-404F-897A-9B608DA6489F}.Debug|x64.ActiveCfg = Debug|x64
		{EE633107-44FB-404F-897A-9B608DA6489F}.Debug|x64.Build.0 = Debug|x64
		{EE633107-44FB-404F-897A-9B608DA6489F}.Debug|x86.ActiveCfg = Debug|Win32
		{EE633107-44FB-404F-897A-9B608DA6489F}.Debug|x86.Build.0 = Debug|Win32
		{EE633107-44FB-404F-897A-9B608DA6489F}.Release|x64.ActiveCfg = Release|x64
		{EE633107-44FB-404F-897A-9B608DA6489F}.Release|x64.Build.0 = Release|x64
		{EE633107-44FB-404F-897A-9B608DA6489F}.Release|x86.ActiveCfg = Release|Win32
		{EE633107-44FB-404F-897A-9B608DA6489F}.Release|x86.Build.0 = Release|Win32
		{7B5F9E79-65E2-4F65-A569-5967A6DAAA1F}.Debug|x64.ActiveCfg = Debug|x64
		{7B5F9E79-65E2-4F65-A569-5967A6DAAA1F}.Debug|x64.Build.0 = Debug|x64
		{7B5F9E79-65E2-4F65-A569-5967A6DAAA1F}.Debug|x86.ActiveCfg = Debug|Win32
		{7B5F9E79-65E2-4F65-A569-5967A6DAAA1F}.Debug|x86.Build.0 = Debug|Win32
		{7B5F9E79-65E2-4F65-A569-5967A6DAAA1F}.Release|x64.ActiveCfg = Release|x64
		{7B5F9E79-65E2-4F65-A569-5967A6DAAA1F}.Release|x64.Build.0 = Release|x64
		{7B5F9E79-65E2-4F65-A569-5967A6DAAA1F}.Release|x86.ActiveCfg = Release|Win32
		{7B5F9E79-65E2-4F65-A569-5967A6DAAA1F}.Release|x86.Build.0 = Release|Win32
		{50407FC6-ADC4-4487-9718-79229BF7E96A}.Debug|x64.ActiveCfg = Debug|x64
		{50407FC6-ADC4-4487-9718-79229BF7E96A}.Debug|x64.Build.0 = Debug|x64
		{50407FC6-ADC4-4487-9718-79229BF7E96A}.Debug|x86.ActiveCfg = Debug|Win32
		{50407FC6-ADC4-4487-9718-79229BF7E96A}.Debug|x86.Build.0 = Debug|Win32
		{50407FC6-ADC4-4487-9718-79229BF7E96A}.Release|x64.ActiveCfg = Release|x64
		{50407FC6-ADC4-4487-9718-79229BF7E96A}.Release|x64.Build.0 = Release|x64
		{50407FC6-ADC4-4487-9718-79229BF7E96A}.Release|x86.ActiveCfg = Release|Win32
		{50407FC6-ADC4-4487-9718-79229BF7E96A}.Release|x86.Build.0 = Release|Win32
		{BF5EAC41-7AD1-4855-88B0-3BB33B0DE5BE}.Debug|x64.ActiveCfg = Debug|x64
		{BF5EAC41-7AD1-4855-88B0-3BB33B0DE5BE}.Debug|x64.Build.0 = Debug|x64
		{BF5EAC41-7AD1-4855-88B0-3BB33B0DE5BE}.Debug|x86.ActiveCfg = Debug|Win32
		{BF5EAC41-7AD1-4855-88B0-3BB33B0DE5BE}.Debug|x86.Build.0 = Debug|Win32
		{BF5EAC41-7AD1-4855-88B0-3BB33B0DE5BE}.Release|x64.ActiveCfg = Release|x64
		{BF5EAC41-7AD1-4855-88B0-3BB33B0DE5BE}.Release|x64.Build.0 = Release|x64
		{BF5EAC41-7AD1-4855-88B0-3BB33B0DE5BE}.Release|x86.ActiveCfg = Release|Win32
		{BF5EAC41-7AD1-4855-88B0-3BB33B0DE5BE}.Release|x86.Build.0 = Release|Win32
		{BD7EFC20-8231-4107-B710-FD8166D63E1A}.Debug|x64.ActiveCfg = Debug|x64
		{BD7EFC20-8231-4107-B710-FD8166D63E1A}.Debug|x64.Build.0 = Debug|x64
		{BD7EFC20-8231-4107-B710-FD8166D63E1A}.Debug|x86.ActiveCfg = Debug|Win32
		{BD7EFC20-8231-4107-B710-FD8166D63E1A}.Debug|x86.Build.0 = Debug|Win32
		{BD7EFC20-8231-4107-B710-FD8166D63E1A}.Release|x64.ActiveCfg = Release|x64
		{BD7EFC20-8231-4107-B710-FD8166D63E1A}.Release|x64.Build.0 = Release|x64
		{BD7EFC20-8231-4107-B710-FD8166D63E1A}.Release|x86.ActiveCfg = Release|Win32
		{BD7EFC20-8231-4107-B710-FD8166D63E1A}.Release|x86.Build.0 = Release|Win32
		{53EFB6C7-0C4B-4D49-BB92-383E5BBF585C}.Debug|x64.ActiveCfg = Debug|x64
		{53EFB6C7-0C4B-4D49-BB92-383E5BBF585C}.Debug|x64.Build.0 = Debug|x64
		{53EFB6C7-0C4B-4D49-BB92-383E5BBF585C}.Debug|x86.ActiveCfg = Debug|Win32
		{53EFB6C7-0C4B-4D49-BB92-383E5BBF585C}.Debug|x86.Build.0 = Debug|Win32
		{53EFB6C7-0C4B-4D49-BB92-383E5BBF585C}.Release|x64.ActiveCfg = Release|x64
		{53EFB6C7-0C4B-4D49-BB92-383E5BBF585C}.Release|x64.Build.0 = Release|x64
		{53EFB6C7-0C4B-4D49-BB92-383E5BBF585C}.Release|x86.ActiveCfg = Release|Win32
		{53EFB6C7-0C4B-4D49-BB92-383E5BBF585C}.Release|x86.Build.0 = Release|Win32
		{06C9DC97-ED7B-4D50-B1DE-C8F5454177AB}.Debug|x64.ActiveCfg = Debug|x64
		{06C9DC97-ED7B-4D50-B1DE-C8F5454177AB}.Debug|x64.Build.0 = Debug|x64
		{06C9DC97-ED7B-4D50-B1DE-C8F5454177AB}.Debug|x86.ActiveCfg = Debug|Win32
		{06C9DC97-ED7B-4D50-B1DE-C8F5454177AB}.Debug|x86.Build.0 = Debug|Win32
		{06C9DC97-ED7B-4D50-B1DE-C8F5454177AB}.Release|x64.ActiveCfg = Release|x64
		{06C9DC97-ED7B-4D50-B1DE-C8F5454177AB}.Release|x64.Build.0 = Release|x64
		{06C9DC97-ED7B-4D50-B1DE-C8F5454177AB}.Release|x86.ActiveCfg = Release|Win32
		{06C9DC97-ED7B-4D50-B1DE-C8F5454177AB}.Release|x86.Build.0 = Release|Win32
		{30B67743-43FA-4D07-AF6C-AF79F1D3C7B5}.Debug|x64.ActiveCfg = Debug|x64
		{30B67743-43FA-4D07-AF6C-AF79F1D3C7B5}.Debug|x64.Build.0 = Debug|x64
		{30B67743-43FA-4D07-AF6C-AF79F1D3C7B5}.Debug|x86.ActiveCfg = Debug|Win32
		{30B67743-43FA-4D07-AF6C-AF79F1D3C7B5}.Debug|x86.Build.0 = Debug|Win32
		{30B67743-43FA-4D07-AF6C-AF79F1D3C7B5}.Release|x64.ActiveCfg = Release|x64
		{30B67743-43FA-4D07-AF6C-AF79F1D3C7B5}.Release|x64.Build.0 = Release|x64
		{30B67743-43FA-4D07-AF6C-AF79F1D3C7B5}.Release|x86.ActiveCfg = Release|Win32
		{30B67743-43FA-4D07-AF6C-AF79F1D3C7B5}.Release|x86.Build.0 = Release|Win32
	EndGlobalSection
	GlobalSection(SolutionProperties) = preSolution
		HideSolutionNode = FALSE
	EndGlobalSection
EndGlobal
