
Microsoft Visual Studio Solution File, Format Version 12.00
# Visual Studio 14
VisualStudioVersion = 14.0.25420.1
MinimumVisualStudioVersion = 10.0.40219.1
Project("{8BC9CEB8-8B4A-11D0-8D11-00A0C91BC942}") = "05_03_01_arrayList", "05_03_01_arrayList\05_03_01_arrayList.vcxproj", "{8BF2F119-5027-47EA-9463-A83090E76547}"
EndProject
Project("{8BC9CEB8-8B4A-11D0-8D11-00A0C91BC942}") = "05_04_01_vectorList", "05_04_01_vectorList\05_04_01_vectorList.vcxproj", "{E98E70B2-A36A-4DDB-904C-EB62DCC3DF93}"
EndProject
Project("{8BC9CEB8-8B4A-11D0-8D11-00A0C91BC942}") = "06_01_01_chain", "06_01_chain\06_01_chain.vcxproj", "{54411CDC-B6CD-40B9-B945-448172824FA7}"
EndProject
Project("{8BC9CEB8-8B4A-11D0-8D11-00A0C91BC942}") = "06_01_02_extendedChain", "06_01_02_extendedChain\06_01_02_extendedChain.vcxproj", "{4B7B4190-1A5B-42B4-893D-74596DF9DC57}"
EndProject
Project("{8BC9CEB8-8B4A-11D0-8D11-00A0C91BC942}") = "05_03_02_arrayListWithIterator", "05_03_02_arrayListWithIterator\05_03_02_arrayListWithIterator.vcxproj", "{CE3E2C36-EF91-47E2-844E-C9F9477156BF}"
EndProject
Project("{8BC9CEB8-8B4A-11D0-8D11-00A0C91BC942}") = "06_02_01_circularListWithHeader", "06_02_01_circularListWithHeader\06_02_01_circularListWithHeader.vcxproj", "{6D0337F9-E63A-4FC8-BDBB-84DE8E1C10D0}"
EndProject
Project("{8BC9CEB8-8B4A-11D0-8D11-00A0C91BC942}") = "07_02_01_matrix", "07_02_01_matrix\07_02_01_matrix.vcxproj", "{D62F487F-8AEF-4DB0-AEAA-545AC9561DFF}"
EndProject
Project("{8BC9CEB8-8B4A-11D0-8D11-00A0C91BC942}") = "08_03_01_derivedArrayStack", "08_03_01_derivedArrayStack\08_03_01_derivedArrayStack.vcxproj", "{9287C72A-ADD3-4E8D-BDEC-0DAF2B497C15}"
EndProject
Project("{8BC9CEB8-8B4A-11D0-8D11-00A0C91BC942}") = "08_03_02_arrayStack", "08_03_02_arrayStack\08_03_02_arrayStack.vcxproj", "{344BECA7-293F-4759-BEFE-6E521400DE1D}"
EndProject
Project("{8BC9CEB8-8B4A-11D0-8D11-00A0C91BC942}") = "08_05_01_printMatchedPairs", "08_05_01_printMatchedPairs\08_05_01_printMatchedPairs.vcxproj", "{D33639AF-3453-4C12-8E9E-3FB5EC8A8E86}"
EndProject
Project("{8BC9CEB8-8B4A-11D0-8D11-00A0C91BC942}") = "08_05_02_towerOfHanoi", "08_05_02_towerOfHanoi\08_05_02_towerOfHanoi.vcxproj", "{2EC1A708-314D-4014-BC63-D5C257FDDFE8}"
EndProject
Project("{8BC9CEB8-8B4A-11D0-8D11-00A0C91BC942}") = "09_03_01_arrayQueue", "09_03_01_arrayQueue\09_03_01_arrayQueue.vcxproj", "{E7D1D922-25B3-4C5C-8BB5-99D994938A21}"
EndProject
Project("{8BC9CEB8-8B4A-11D0-8D11-00A0C91BC942}") = "08_05_03_hanoiUsingStack", "08_05_03_hanoiUsingStack\08_05_03_hanoiUsingStack.vcxproj", "{383C0AD2-2E19-40A0-8CC0-3487A385BB40}"
EndProject
Project("{8BC9CEB8-8B4A-11D0-8D11-00A0C91BC942}") = "08_05_04_railroad", "08_05_04_railroad\08_05_04_railroad.vcxproj", "{FD798BAF-35D5-4DD9-93DE-C3C9C211E25F}"
EndProject
Project("{8BC9CEB8-8B4A-11D0-8D11-00A0C91BC942}") = "08_05_05_checkBox", "08_05_05_checkBox\08_05_05_checkBox.vcxproj", "{08095F8A-2C96-4AF5-9F51-90A5EA562AE6}"
EndProject
Project("{8BC9CEB8-8B4A-11D0-8D11-00A0C91BC942}") = "10_03_01_sortedChain", "10_03_01_sortedArrayList\10_03_01_sortedArrayList.vcxproj", "{16B77F33-FB16-45FB-A11A-3938C6AB048E}"
EndProject
Project("{8BC9CEB8-8B4A-11D0-8D11-00A0C91BC942}") = "10_05_01_hashTable", "10_05_01_hashTable\10_05_01_hashTable.vcxproj", "{8A7090D6-8C22-4DE4-A30D-89A770113049}"
EndProject
Project("{8BC9CEB8-8B4A-11D0-8D11-00A0C91BC942}") = "10_05_02_hashChain", "10_05_02_hashChain\10_05_02_hashChain.vcxproj", "{E9654B22-1758-4128-AF7D-F32F919CB9EC}"
EndProject
Global
	GlobalSection(SolutionConfigurationPlatforms) = preSolution
		Debug|x64 = Debug|x64
		Debug|x86 = Debug|x86
		Release|x64 = Release|x64
		Release|x86 = Release|x86
	EndGlobalSection
	GlobalSection(ProjectConfigurationPlatforms) = postSolution
		{8BF2F119-5027-47EA-9463-A83090E76547}.Debug|x64.ActiveCfg = Debug|x64
		{8BF2F119-5027-47EA-9463-A83090E76547}.Debug|x64.Build.0 = Debug|x64
		{8BF2F119-5027-47EA-9463-A83090E76547}.Debug|x86.ActiveCfg = Debug|Win32
		{8BF2F119-5027-47EA-9463-A83090E76547}.Debug|x86.Build.0 = Debug|Win32
		{8BF2F119-5027-47EA-9463-A83090E76547}.Release|x64.ActiveCfg = Release|x64
		{8BF2F119-5027-47EA-9463-A83090E76547}.Release|x64.Build.0 = Release|x64
		{8BF2F119-5027-47EA-9463-A83090E76547}.Release|x86.ActiveCfg = Release|Win32
		{8BF2F119-5027-47EA-9463-A83090E76547}.Release|x86.Build.0 = Release|Win32
		{E98E70B2-A36A-4DDB-904C-EB62DCC3DF93}.Debug|x64.ActiveCfg = Debug|x64
		{E98E70B2-A36A-4DDB-904C-EB62DCC3DF93}.Debug|x64.Build.0 = Debug|x64
		{E98E70B2-A36A-4DDB-904C-EB62DCC3DF93}.Debug|x86.ActiveCfg = Debug|Win32
		{E98E70B2-A36A-4DDB-904C-EB62DCC3DF93}.Debug|x86.Build.0 = Debug|Win32
		{E98E70B2-A36A-4DDB-904C-EB62DCC3DF93}.Release|x64.ActiveCfg = Release|x64
		{E98E70B2-A36A-4DDB-904C-EB62DCC3DF93}.Release|x64.Build.0 = Release|x64
		{E98E70B2-A36A-4DDB-904C-EB62DCC3DF93}.Release|x86.ActiveCfg = Release|Win32
		{E98E70B2-A36A-4DDB-904C-EB62DCC3DF93}.Release|x86.Build.0 = Release|Win32
		{54411CDC-B6CD-40B9-B945-448172824FA7}.Debug|x64.ActiveCfg = Debug|x64
		{54411CDC-B6CD-40B9-B945-448172824FA7}.Debug|x64.Build.0 = Debug|x64
		{54411CDC-B6CD-40B9-B945-448172824FA7}.Debug|x86.ActiveCfg = Debug|Win32
		{54411CDC-B6CD-40B9-B945-448172824FA7}.Debug|x86.Build.0 = Debug|Win32
		{54411CDC-B6CD-40B9-B945-448172824FA7}.Release|x64.ActiveCfg = Release|x64
		{54411CDC-B6CD-40B9-B945-448172824FA7}.Release|x64.Build.0 = Release|x64
		{54411CDC-B6CD-40B9-B945-448172824FA7}.Release|x86.ActiveCfg = Release|Win32
		{54411CDC-B6CD-40B9-B945-448172824FA7}.Release|x86.Build.0 = Release|Win32
		{4B7B4190-1A5B-42B4-893D-74596DF9DC57}.Debug|x64.ActiveCfg = Debug|x64
		{4B7B4190-1A5B-42B4-893D-74596DF9DC57}.Debug|x64.Build.0 = Debug|x64
		{4B7B4190-1A5B-42B4-893D-74596DF9DC57}.Debug|x86.ActiveCfg = Debug|Win32
		{4B7B4190-1A5B-42B4-893D-74596DF9DC57}.Debug|x86.Build.0 = Debug|Win32
		{4B7B4190-1A5B-42B4-893D-74596DF9DC57}.Release|x64.ActiveCfg = Release|x64
		{4B7B4190-1A5B-42B4-893D-74596DF9DC57}.Release|x64.Build.0 = Release|x64
		{4B7B4190-1A5B-42B4-893D-74596DF9DC57}.Release|x86.ActiveCfg = Release|Win32
		{4B7B4190-1A5B-42B4-893D-74596DF9DC57}.Release|x86.Build.0 = Release|Win32
		{CE3E2C36-EF91-47E2-844E-C9F9477156BF}.Debug|x64.ActiveCfg = Debug|x64
		{CE3E2C36-EF91-47E2-844E-C9F9477156BF}.Debug|x64.Build.0 = Debug|x64
		{CE3E2C36-EF91-47E2-844E-C9F9477156BF}.Debug|x86.ActiveCfg = Debug|Win32
		{CE3E2C36-EF91-47E2-844E-C9F9477156BF}.Debug|x86.Build.0 = Debug|Win32
		{CE3E2C36-EF91-47E2-844E-C9F9477156BF}.Release|x64.ActiveCfg = Release|x64
		{CE3E2C36-EF91-47E2-844E-C9F9477156BF}.Release|x64.Build.0 = Release|x64
		{CE3E2C36-EF91-47E2-844E-C9F9477156BF}.Release|x86.ActiveCfg = Release|Win32
		{CE3E2C36-EF91-47E2-844E-C9F9477156BF}.Release|x86.Build.0 = Release|Win32
		{6D0337F9-E63A-4FC8-BDBB-84DE8E1C10D0}.Debug|x64.ActiveCfg = Debug|x64
		{6D0337F9-E63A-4FC8-BDBB-84DE8E1C10D0}.Debug|x64.Build.0 = Debug|x64
		{6D0337F9-E63A-4FC8-BDBB-84DE8E1C10D0}.Debug|x86.ActiveCfg = Debug|Win32
		{6D0337F9-E63A-4FC8-BDBB-84DE8E1C10D0}.Debug|x86.Build.0 = Debug|Win32
		{6D0337F9-E63A-4FC8-BDBB-84DE8E1C10D0}.Release|x64.ActiveCfg = Release|x64
		{6D0337F9-E63A-4FC8-BDBB-84DE8E1C10D0}.Release|x64.Build.0 = Release|x64
		{6D0337F9-E63A-4FC8-BDBB-84DE8E1C10D0}.Release|x86.ActiveCfg = Release|Win32
		{6D0337F9-E63A-4FC8-BDBB-84DE8E1C10D0}.Release|x86.Build.0 = Release|Win32
		{D62F487F-8AEF-4DB0-AEAA-545AC9561DFF}.Debug|x64.ActiveCfg = Debug|x64
		{D62F487F-8AEF-4DB0-AEAA-545AC9561DFF}.Debug|x64.Build.0 = Debug|x64
		{D62F487F-8AEF-4DB0-AEAA-545AC9561DFF}.Debug|x86.ActiveCfg = Debug|Win32
		{D62F487F-8AEF-4DB0-AEAA-545AC9561DFF}.Debug|x86.Build.0 = Debug|Win32
		{D62F487F-8AEF-4DB0-AEAA-545AC9561DFF}.Release|x64.ActiveCfg = Release|x64
		{D62F487F-8AEF-4DB0-AEAA-545AC9561DFF}.Release|x64.Build.0 = Release|x64
		{D62F487F-8AEF-4DB0-AEAA-545AC9561DFF}.Release|x86.ActiveCfg = Release|Win32
		{D62F487F-8AEF-4DB0-AEAA-545AC9561DFF}.Release|x86.Build.0 = Release|Win32
		{9287C72A-ADD3-4E8D-BDEC-0DAF2B497C15}.Debug|x64.ActiveCfg = Debug|x64
		{9287C72A-ADD3-4E8D-BDEC-0DAF2B497C15}.Debug|x64.Build.0 = Debug|x64
		{9287C72A-ADD3-4E8D-BDEC-0DAF2B497C15}.Debug|x86.ActiveCfg = Debug|Win32
		{9287C72A-ADD3-4E8D-BDEC-0DAF2B497C15}.Debug|x86.Build.0 = Debug|Win32
		{9287C72A-ADD3-4E8D-BDEC-0DAF2B497C15}.Release|x64.ActiveCfg = Release|x64
		{9287C72A-ADD3-4E8D-BDEC-0DAF2B497C15}.Release|x64.Build.0 = Release|x64
		{9287C72A-ADD3-4E8D-BDEC-0DAF2B497C15}.Release|x86.ActiveCfg = Release|Win32
		{9287C72A-ADD3-4E8D-BDEC-0DAF2B497C15}.Release|x86.Build.0 = Release|Win32
		{344BECA7-293F-4759-BEFE-6E521400DE1D}.Debug|x64.ActiveCfg = Debug|x64
		{344BECA7-293F-4759-BEFE-6E521400DE1D}.Debug|x64.Build.0 = Debug|x64
		{344BECA7-293F-4759-BEFE-6E521400DE1D}.Debug|x86.ActiveCfg = Debug|Win32
		{344BECA7-293F-4759-BEFE-6E521400DE1D}.Debug|x86.Build.0 = Debug|Win32
		{344BECA7-293F-4759-BEFE-6E521400DE1D}.Release|x64.ActiveCfg = Release|x64
		{344BECA7-293F-4759-BEFE-6E521400DE1D}.Release|x64.Build.0 = Release|x64
		{344BECA7-293F-4759-BEFE-6E521400DE1D}.Release|x86.ActiveCfg = Release|Win32
		{344BECA7-293F-4759-BEFE-6E521400DE1D}.Release|x86.Build.0 = Release|Win32
		{D33639AF-3453-4C12-8E9E-3FB5EC8A8E86}.Debug|x64.ActiveCfg = Debug|x64
		{D33639AF-3453-4C12-8E9E-3FB5EC8A8E86}.Debug|x64.Build.0 = Debug|x64
		{D33639AF-3453-4C12-8E9E-3FB5EC8A8E86}.Debug|x86.ActiveCfg = Debug|Win32
		{D33639AF-3453-4C12-8E9E-3FB5EC8A8E86}.Debug|x86.Build.0 = Debug|Win32
		{D33639AF-3453-4C12-8E9E-3FB5EC8A8E86}.Release|x64.ActiveCfg = Release|x64
		{D33639AF-3453-4C12-8E9E-3FB5EC8A8E86}.Release|x64.Build.0 = Release|x64
		{D33639AF-3453-4C12-8E9E-3FB5EC8A8E86}.Release|x86.ActiveCfg = Release|Win32
		{D33639AF-3453-4C12-8E9E-3FB5EC8A8E86}.Release|x86.Build.0 = Release|Win32
		{2EC1A708-314D-4014-BC63-D5C257FDDFE8}.Debug|x64.ActiveCfg = Debug|x64
		{2EC1A708-314D-4014-BC63-D5C257FDDFE8}.Debug|x64.Build.0 = Debug|x64
		{2EC1A708-314D-4014-BC63-D5C257FDDFE8}.Debug|x86.ActiveCfg = Debug|Win32
		{2EC1A708-314D-4014-BC63-D5C257FDDFE8}.Debug|x86.Build.0 = Debug|Win32
		{2EC1A708-314D-4014-BC63-D5C257FDDFE8}.Release|x64.ActiveCfg = Release|x64
		{2EC1A708-314D-4014-BC63-D5C257FDDFE8}.Release|x64.Build.0 = Release|x64
		{2EC1A708-314D-4014-BC63-D5C257FDDFE8}.Release|x86.ActiveCfg = Release|Win32
		{2EC1A708-314D-4014-BC63-D5C257FDDFE8}.Release|x86.Build.0 = Release|Win32
		{E7D1D922-25B3-4C5C-8BB5-99D994938A21}.Debug|x64.ActiveCfg = Debug|x64
		{E7D1D922-25B3-4C5C-8BB5-99D994938A21}.Debug|x64.Build.0 = Debug|x64
		{E7D1D922-25B3-4C5C-8BB5-99D994938A21}.Debug|x86.ActiveCfg = Debug|Win32
		{E7D1D922-25B3-4C5C-8BB5-99D994938A21}.Debug|x86.Build.0 = Debug|Win32
		{E7D1D922-25B3-4C5C-8BB5-99D994938A21}.Release|x64.ActiveCfg = Release|x64
		{E7D1D922-25B3-4C5C-8BB5-99D994938A21}.Release|x64.Build.0 = Release|x64
		{E7D1D922-25B3-4C5C-8BB5-99D994938A21}.Release|x86.ActiveCfg = Release|Win32
		{E7D1D922-25B3-4C5C-8BB5-99D994938A21}.Release|x86.Build.0 = Release|Win32
		{383C0AD2-2E19-40A0-8CC0-3487A385BB40}.Debug|x64.ActiveCfg = Debug|x64
		{383C0AD2-2E19-40A0-8CC0-3487A385BB40}.Debug|x64.Build.0 = Debug|x64
		{383C0AD2-2E19-40A0-8CC0-3487A385BB40}.Debug|x86.ActiveCfg = Debug|Win32
		{383C0AD2-2E19-40A0-8CC0-3487A385BB40}.Debug|x86.Build.0 = Debug|Win32
		{383C0AD2-2E19-40A0-8CC0-3487A385BB40}.Release|x64.ActiveCfg = Release|x64
		{383C0AD2-2E19-40A0-8CC0-3487A385BB40}.Release|x64.Build.0 = Release|x64
		{383C0AD2-2E19-40A0-8CC0-3487A385BB40}.Release|x86.ActiveCfg = Release|Win32
		{383C0AD2-2E19-40A0-8CC0-3487A385BB40}.Release|x86.Build.0 = Release|Win32
		{FD798BAF-35D5-4DD9-93DE-C3C9C211E25F}.Debug|x64.ActiveCfg = Debug|x64
		{FD798BAF-35D5-4DD9-93DE-C3C9C211E25F}.Debug|x64.Build.0 = Debug|x64
		{FD798BAF-35D5-4DD9-93DE-C3C9C211E25F}.Debug|x86.ActiveCfg = Debug|Win32
		{FD798BAF-35D5-4DD9-93DE-C3C9C211E25F}.Debug|x86.Build.0 = Debug|Win32
		{FD798BAF-35D5-4DD9-93DE-C3C9C211E25F}.Release|x64.ActiveCfg = Release|x64
		{FD798BAF-35D5-4DD9-93DE-C3C9C211E25F}.Release|x64.Build.0 = Release|x64
		{FD798BAF-35D5-4DD9-93DE-C3C9C211E25F}.Release|x86.ActiveCfg = Release|Win32
		{FD798BAF-35D5-4DD9-93DE-C3C9C211E25F}.Release|x86.Build.0 = Release|Win32
		{08095F8A-2C96-4AF5-9F51-90A5EA562AE6}.Debug|x64.ActiveCfg = Debug|x64
		{08095F8A-2C96-4AF5-9F51-90A5EA562AE6}.Debug|x64.Build.0 = Debug|x64
		{08095F8A-2C96-4AF5-9F51-90A5EA562AE6}.Debug|x86.ActiveCfg = Debug|Win32
		{08095F8A-2C96-4AF5-9F51-90A5EA562AE6}.Debug|x86.Build.0 = Debug|Win32
		{08095F8A-2C96-4AF5-9F51-90A5EA562AE6}.Release|x64.ActiveCfg = Release|x64
		{08095F8A-2C96-4AF5-9F51-90A5EA562AE6}.Release|x64.Build.0 = Release|x64
		{08095F8A-2C96-4AF5-9F51-90A5EA562AE6}.Release|x86.ActiveCfg = Release|Win32
		{08095F8A-2C96-4AF5-9F51-90A5EA562AE6}.Release|x86.Build.0 = Release|Win32
		{16B77F33-FB16-45FB-A11A-3938C6AB048E}.Debug|x64.ActiveCfg = Debug|x64
		{16B77F33-FB16-45FB-A11A-3938C6AB048E}.Debug|x64.Build.0 = Debug|x64
		{16B77F33-FB16-45FB-A11A-3938C6AB048E}.Debug|x86.ActiveCfg = Debug|Win32
		{16B77F33-FB16-45FB-A11A-3938C6AB048E}.Debug|x86.Build.0 = Debug|Win32
		{16B77F33-FB16-45FB-A11A-3938C6AB048E}.Release|x64.ActiveCfg = Release|x64
		{16B77F33-FB16-45FB-A11A-3938C6AB048E}.Release|x64.Build.0 = Release|x64
		{16B77F33-FB16-45FB-A11A-3938C6AB048E}.Release|x86.ActiveCfg = Release|Win32
		{16B77F33-FB16-45FB-A11A-3938C6AB048E}.Release|x86.Build.0 = Release|Win32
		{8A7090D6-8C22-4DE4-A30D-89A770113049}.Debug|x64.ActiveCfg = Debug|x64
		{8A7090D6-8C22-4DE4-A30D-89A770113049}.Debug|x64.Build.0 = Debug|x64
		{8A7090D6-8C22-4DE4-A30D-89A770113049}.Debug|x86.ActiveCfg = Debug|Win32
		{8A7090D6-8C22-4DE4-A30D-89A770113049}.Debug|x86.Build.0 = Debug|Win32
		{8A7090D6-8C22-4DE4-A30D-89A770113049}.Release|x64.ActiveCfg = Release|x64
		{8A7090D6-8C22-4DE4-A30D-89A770113049}.Release|x64.Build.0 = Release|x64
		{8A7090D6-8C22-4DE4-A30D-89A770113049}.Release|x86.ActiveCfg = Release|Win32
		{8A7090D6-8C22-4DE4-A30D-89A770113049}.Release|x86.Build.0 = Release|Win32
		{E9654B22-1758-4128-AF7D-F32F919CB9EC}.Debug|x64.ActiveCfg = Debug|x64
		{E9654B22-1758-4128-AF7D-F32F919CB9EC}.Debug|x64.Build.0 = Debug|x64
		{E9654B22-1758-4128-AF7D-F32F919CB9EC}.Debug|x86.ActiveCfg = Debug|Win32
		{E9654B22-1758-4128-AF7D-F32F919CB9EC}.Debug|x86.Build.0 = Debug|Win32
		{E9654B22-1758-4128-AF7D-F32F919CB9EC}.Release|x64.ActiveCfg = Release|x64
		{E9654B22-1758-4128-AF7D-F32F919CB9EC}.Release|x64.Build.0 = Release|x64
		{E9654B22-1758-4128-AF7D-F32F919CB9EC}.Release|x86.ActiveCfg = Release|Win32
		{E9654B22-1758-4128-AF7D-F32F919CB9EC}.Release|x86.Build.0 = Release|Win32
	EndGlobalSection
	GlobalSection(SolutionProperties) = preSolution
		HideSolutionNode = FALSE
	EndGlobalSection
EndGlobal
